// !$*UTF8*$!
{
	archiveVersion = 1;
	classes = {
	};
	objectVersion = 52;
	objects = {

/* Begin PBXBuildFile section */
		773C5AC12353CE41004C4C11 /* AppDelegate.swift in Sources */ = {isa = PBXBuildFile; fileRef = 773C5AC02353CE41004C4C11 /* AppDelegate.swift */; };
		773C5AC32353CE41004C4C11 /* SceneDelegate.swift in Sources */ = {isa = PBXBuildFile; fileRef = 773C5AC22353CE41004C4C11 /* SceneDelegate.swift */; };
		773C5AC52353CE41004C4C11 /* SetGameViewController.swift in Sources */ = {isa = PBXBuildFile; fileRef = 773C5AC42353CE41004C4C11 /* SetGameViewController.swift */; };
		773C5AC82353CE41004C4C11 /* Main.storyboard in Resources */ = {isa = PBXBuildFile; fileRef = 773C5AC62353CE41004C4C11 /* Main.storyboard */; };
		773C5ACA2353CE43004C4C11 /* Assets.xcassets in Resources */ = {isa = PBXBuildFile; fileRef = 773C5AC92353CE43004C4C11 /* Assets.xcassets */; };
		773C5ACD2353CE43004C4C11 /* LaunchScreen.storyboard in Resources */ = {isa = PBXBuildFile; fileRef = 773C5ACB2353CE43004C4C11 /* LaunchScreen.storyboard */; };
		773C5AD82353F3F3004C4C11 /* Card.swift in Sources */ = {isa = PBXBuildFile; fileRef = 773C5AD72353F3F3004C4C11 /* Card.swift */; };
		773C5ADA2353FC20004C4C11 /* SetGame.swift in Sources */ = {isa = PBXBuildFile; fileRef = 773C5AD92353FC20004C4C11 /* SetGame.swift */; };
		7785593D237A48B600CF8D74 /* GameBoardView.swift in Sources */ = {isa = PBXBuildFile; fileRef = 7785593C237A48B600CF8D74 /* GameBoardView.swift */; };
		7785593F237A490100CF8D74 /* ShapeView.swift in Sources */ = {isa = PBXBuildFile; fileRef = 7785593E237A490100CF8D74 /* ShapeView.swift */; };
		77855941237A7FD500CF8D74 /* Grid.swift in Sources */ = {isa = PBXBuildFile; fileRef = 77855940237A7FD500CF8D74 /* Grid.swift */; };
		77F9E3AD237FA91600F452C6 /* CardView.swift in Sources */ = {isa = PBXBuildFile; fileRef = 77F9E3AC237FA91600F452C6 /* CardView.swift */; };
/* End PBXBuildFile section */

/* Begin PBXFileReference section */
		035AC71A3210F07909CA6B64 /* Pods-Set.release.xcconfig */ = {isa = PBXFileReference; includeInIndex = 1; lastKnownFileType = text.xcconfig; name = "Pods-Set.release.xcconfig"; path = "Target Support Files/Pods-Set/Pods-Set.release.xcconfig"; sourceTree = "<group>"; };
		35FF317BF95E6D8184D16D20 /* Pods-Set.debug.xcconfig */ = {isa = PBXFileReference; includeInIndex = 1; lastKnownFileType = text.xcconfig; name = "Pods-Set.debug.xcconfig"; path = "Target Support Files/Pods-Set/Pods-Set.debug.xcconfig"; sourceTree = "<group>"; };
		773C5ABD2353CE41004C4C11 /* Set.app */ = {isa = PBXFileReference; explicitFileType = wrapper.application; includeInIndex = 0; path = Set.app; sourceTree = BUILT_PRODUCTS_DIR; };
		773C5AC02353CE41004C4C11 /* AppDelegate.swift */ = {isa = PBXFileReference; lastKnownFileType = sourcecode.swift; path = AppDelegate.swift; sourceTree = "<group>"; };
		773C5AC22353CE41004C4C11 /* SceneDelegate.swift */ = {isa = PBXFileReference; lastKnownFileType = sourcecode.swift; path = SceneDelegate.swift; sourceTree = "<group>"; };
		773C5AC42353CE41004C4C11 /* SetGameViewController.swift */ = {isa = PBXFileReference; lastKnownFileType = sourcecode.swift; path = SetGameViewController.swift; sourceTree = "<group>"; };
		773C5AC72353CE41004C4C11 /* Base */ = {isa = PBXFileReference; lastKnownFileType = file.storyboard; name = Base; path = Base.lproj/Main.storyboard; sourceTree = "<group>"; };
		773C5AC92353CE43004C4C11 /* Assets.xcassets */ = {isa = PBXFileReference; lastKnownFileType = folder.assetcatalog; path = Assets.xcassets; sourceTree = "<group>"; };
		773C5ACC2353CE43004C4C11 /* Base */ = {isa = PBXFileReference; lastKnownFileType = file.storyboard; name = Base; path = Base.lproj/LaunchScreen.storyboard; sourceTree = "<group>"; };
		773C5ACE2353CE43004C4C11 /* Info.plist */ = {isa = PBXFileReference; lastKnownFileType = text.plist.xml; path = Info.plist; sourceTree = "<group>"; };
		773C5AD42353CED4004C4C11 /* ja */ = {isa = PBXFileReference; lastKnownFileType = text.plist.strings; name = ja; path = ja.lproj/Main.strings; sourceTree = "<group>"; };
		773C5AD52353CED4004C4C11 /* ja */ = {isa = PBXFileReference; lastKnownFileType = text.plist.strings; name = ja; path = ja.lproj/LaunchScreen.strings; sourceTree = "<group>"; };
		773C5AD72353F3F3004C4C11 /* Card.swift */ = {isa = PBXFileReference; lastKnownFileType = sourcecode.swift; name = Card.swift; path = "Supporting Files/Card.swift"; sourceTree = "<group>"; };
		773C5AD92353FC20004C4C11 /* SetGame.swift */ = {isa = PBXFileReference; lastKnownFileType = sourcecode.swift; path = SetGame.swift; sourceTree = "<group>"; };
		7785593C237A48B600CF8D74 /* GameBoardView.swift */ = {isa = PBXFileReference; lastKnownFileType = sourcecode.swift; path = GameBoardView.swift; sourceTree = "<group>"; };
		7785593E237A490100CF8D74 /* ShapeView.swift */ = {isa = PBXFileReference; lastKnownFileType = sourcecode.swift; path = ShapeView.swift; sourceTree = "<group>"; };
		77855940237A7FD500CF8D74 /* Grid.swift */ = {isa = PBXFileReference; fileEncoding = 4; lastKnownFileType = sourcecode.swift; path = Grid.swift; sourceTree = "<group>"; };
		77F9E3AC237FA91600F452C6 /* CardView.swift */ = {isa = PBXFileReference; lastKnownFileType = sourcecode.swift; path = CardView.swift; sourceTree = "<group>"; };
/* End PBXFileReference section */

/* Begin PBXFrameworksBuildPhase section */
		773C5ABA2353CE41004C4C11 /* Frameworks */ = {
			isa = PBXFrameworksBuildPhase;
			buildActionMask = 2147483647;
			files = (
			);
			runOnlyForDeploymentPostprocessing = 0;
		};
/* End PBXFrameworksBuildPhase section */

/* Begin PBXGroup section */
		64BE947761C9212798B116E0 /* Pods */ = {
			isa = PBXGroup;
			children = (
				35FF317BF95E6D8184D16D20 /* Pods-Set.debug.xcconfig */,
				035AC71A3210F07909CA6B64 /* Pods-Set.release.xcconfig */,
			);
			path = Pods;
			sourceTree = "<group>";
		};
		773C5AB42353CE41004C4C11 = {
			isa = PBXGroup;
			children = (
				773C5ABF2353CE41004C4C11 /* Set */,
				773C5ABE2353CE41004C4C11 /* Products */,
				64BE947761C9212798B116E0 /* Pods */,
				91BBDBF65D7789C5A4671238 /* Frameworks */,
			);
			sourceTree = "<group>";
		};
		773C5ABE2353CE41004C4C11 /* Products */ = {
			isa = PBXGroup;
			children = (
				773C5ABD2353CE41004C4C11 /* Set.app */,
			);
			name = Products;
			sourceTree = "<group>";
		};
		773C5ABF2353CE41004C4C11 /* Set */ = {
			isa = PBXGroup;
			children = (
				77855940237A7FD500CF8D74 /* Grid.swift */,
				7785593E237A490100CF8D74 /* ShapeView.swift */,
				77F9E3AC237FA91600F452C6 /* CardView.swift */,
				7785593C237A48B600CF8D74 /* GameBoardView.swift */,
				773C5AC42353CE41004C4C11 /* SetGameViewController.swift */,
				773C5AC62353CE41004C4C11 /* Main.storyboard */,
				773C5AD72353F3F3004C4C11 /* Card.swift */,
				773C5AD92353FC20004C4C11 /* SetGame.swift */,
				773C5AC22353CE41004C4C11 /* SceneDelegate.swift */,
				773C5AC92353CE43004C4C11 /* Assets.xcassets */,
				773C5ACE2353CE43004C4C11 /* Info.plist */,
				773C5AD62353F23B004C4C11 /* Supporting Files */,
			);
			path = Set;
			sourceTree = "<group>";
		};
		773C5AD62353F23B004C4C11 /* Supporting Files */ = {
			isa = PBXGroup;
			children = (
				773C5AC02353CE41004C4C11 /* AppDelegate.swift */,
				773C5ACB2353CE43004C4C11 /* LaunchScreen.storyboard */,
			);
			path = "Supporting Files";
			sourceTree = "<group>";
		};
		91BBDBF65D7789C5A4671238 /* Frameworks */ = {
			isa = PBXGroup;
			children = (
			);
			name = Frameworks;
			sourceTree = "<group>";
		};
/* End PBXGroup section */

/* Begin PBXNativeTarget section */
		773C5ABC2353CE41004C4C11 /* Set */ = {
			isa = PBXNativeTarget;
			buildConfigurationList = 773C5AD12353CE43004C4C11 /* Build configuration list for PBXNativeTarget "Set" */;
			buildPhases = (
				4DD98D9D31F815AE5293BA4A /* [CP] Check Pods Manifest.lock */,
				773C5AB92353CE41004C4C11 /* Sources */,
				773C5ABA2353CE41004C4C11 /* Frameworks */,
				773C5ABB2353CE41004C4C11 /* Resources */,
			);
			buildRules = (
			);
			dependencies = (
			);
			name = Set;
			productName = Set;
			productReference = 773C5ABD2353CE41004C4C11 /* Set.app */;
			productType = "com.apple.product-type.application";
		};
/* End PBXNativeTarget section */

/* Begin PBXProject section */
		773C5AB52353CE41004C4C11 /* Project object */ = {
			isa = PBXProject;
			attributes = {
				LastSwiftUpdateCheck = 1100;
				LastUpgradeCheck = 1100;
				ORGANIZATIONNAME = solarmist;
				TargetAttributes = {
					773C5ABC2353CE41004C4C11 = {
						CreatedOnToolsVersion = 11.0;
					};
				};
			};
			buildConfigurationList = 773C5AB82353CE41004C4C11 /* Build configuration list for PBXProject "Set" */;
			compatibilityVersion = "Xcode 11.0";
			developmentRegion = en;
			hasScannedForEncodings = 0;
			knownRegions = (
				en,
				Base,
				ja,
			);
			mainGroup = 773C5AB42353CE41004C4C11;
			productRefGroup = 773C5ABE2353CE41004C4C11 /* Products */;
			projectDirPath = "";
			projectRoot = "";
			targets = (
				773C5ABC2353CE41004C4C11 /* Set */,
			);
		};
/* End PBXProject section */

/* Begin PBXResourcesBuildPhase section */
		773C5ABB2353CE41004C4C11 /* Resources */ = {
			isa = PBXResourcesBuildPhase;
			buildActionMask = 2147483647;
			files = (
				773C5ACD2353CE43004C4C11 /* LaunchScreen.storyboard in Resources */,
				773C5ACA2353CE43004C4C11 /* Assets.xcassets in Resources */,
				773C5AC82353CE41004C4C11 /* Main.storyboard in Resources */,
			);
			runOnlyForDeploymentPostprocessing = 0;
		};
/* End PBXResourcesBuildPhase section */

/* Begin PBXShellScriptBuildPhase section */
		4DD98D9D31F815AE5293BA4A /* [CP] Check Pods Manifest.lock */ = {
			isa = PBXShellScriptBuildPhase;
			buildActionMask = 2147483647;
			files = (
			);
			inputFileListPaths = (
			);
			inputPaths = (
				"${PODS_PODFILE_DIR_PATH}/Podfile.lock",
				"${PODS_ROOT}/Manifest.lock",
			);
			name = "[CP] Check Pods Manifest.lock";
			outputFileListPaths = (
			);
			outputPaths = (
				"$(DERIVED_FILE_DIR)/Pods-Set-checkManifestLockResult.txt",
			);
			runOnlyForDeploymentPostprocessing = 0;
			shellPath = /bin/sh;
			shellScript = "diff \"${PODS_PODFILE_DIR_PATH}/Podfile.lock\" \"${PODS_ROOT}/Manifest.lock\" > /dev/null\nif [ $? != 0 ] ; then\n    # print error to STDERR\n    echo \"error: The sandbox is not in sync with the Podfile.lock. Run 'pod install' or update your CocoaPods installation.\" >&2\n    exit 1\nfi\n# This output is used by Xcode 'outputs' to avoid re-running this script phase.\necho \"SUCCESS\" > \"${SCRIPT_OUTPUT_FILE_0}\"\n";
			showEnvVarsInLog = 0;
		};
/* End PBXShellScriptBuildPhase section */

/* Begin PBXSourcesBuildPhase section */
		773C5AB92353CE41004C4C11 /* Sources */ = {
			isa = PBXSourcesBuildPhase;
			buildActionMask = 2147483647;
			files = (
				773C5ADA2353FC20004C4C11 /* SetGame.swift in Sources */,
				77F9E3AD237FA91600F452C6 /* CardView.swift in Sources */,
				773C5AC52353CE41004C4C11 /* SetGameViewController.swift in Sources */,
				773C5AC12353CE41004C4C11 /* AppDelegate.swift in Sources */,
				77855941237A7FD500CF8D74 /* Grid.swift in Sources */,
				773C5AC32353CE41004C4C11 /* SceneDelegate.swift in Sources */,
				7785593D237A48B600CF8D74 /* GameBoardView.swift in Sources */,
				773C5AD82353F3F3004C4C11 /* Card.swift in Sources */,
				7785593F237A490100CF8D74 /* ShapeView.swift in Sources */,
			);
			runOnlyForDeploymentPostprocessing = 0;
		};
/* End PBXSourcesBuildPhase section */

/* Begin PBXVariantGroup section */
		773C5AC62353CE41004C4C11 /* Main.storyboard */ = {
			isa = PBXVariantGroup;
			children = (
				773C5AC72353CE41004C4C11 /* Base */,
				773C5AD42353CED4004C4C11 /* ja */,
			);
			name = Main.storyboard;
			sourceTree = "<group>";
		};
		773C5ACB2353CE43004C4C11 /* LaunchScreen.storyboard */ = {
			isa = PBXVariantGroup;
			children = (
				773C5ACC2353CE43004C4C11 /* Base */,
				773C5AD52353CED4004C4C11 /* ja */,
			);
			name = LaunchScreen.storyboard;
			sourceTree = "<group>";
		};
/* End PBXVariantGroup section */

/* Begin XCBuildConfiguration section */
		773C5ACF2353CE43004C4C11 /* Debug */ = {
			isa = XCBuildConfiguration;
			buildSettings = {
				ALWAYS_SEARCH_USER_PATHS = NO;
				CLANG_ANALYZER_LOCALIZABILITY_NONLOCALIZED = YES;
				CLANG_ANALYZER_NONNULL = YES;
				CLANG_ANALYZER_NUMBER_OBJECT_CONVERSION = YES_AGGRESSIVE;
				CLANG_CXX_LANGUAGE_STANDARD = "gnu++14";
				CLANG_CXX_LIBRARY = "libc++";
				CLANG_ENABLE_MODULES = YES;
				CLANG_ENABLE_OBJC_ARC = YES;
				CLANG_ENABLE_OBJC_WEAK = YES;
				CLANG_WARN_BLOCK_CAPTURE_AUTORELEASING = YES;
				CLANG_WARN_BOOL_CONVERSION = YES;
				CLANG_WARN_COMMA = YES;
				CLANG_WARN_CONSTANT_CONVERSION = YES;
				CLANG_WARN_DEPRECATED_OBJC_IMPLEMENTATIONS = YES;
				CLANG_WARN_DIRECT_OBJC_ISA_USAGE = YES_ERROR;
				CLANG_WARN_DOCUMENTATION_COMMENTS = YES;
				CLANG_WARN_EMPTY_BODY = YES;
				CLANG_WARN_ENUM_CONVERSION = YES;
				CLANG_WARN_INFINITE_RECURSION = YES;
				CLANG_WARN_INT_CONVERSION = YES;
				CLANG_WARN_NON_LITERAL_NULL_CONVERSION = YES;
				CLANG_WARN_OBJC_IMPLICIT_RETAIN_SELF = YES;
				CLANG_WARN_OBJC_LITERAL_CONVERSION = YES;
				CLANG_WARN_OBJC_ROOT_CLASS = YES_ERROR;
				CLANG_WARN_RANGE_LOOP_ANALYSIS = YES;
				CLANG_WARN_STRICT_PROTOTYPES = YES;
				CLANG_WARN_SUSPICIOUS_MOVE = YES;
				CLANG_WARN_UNGUARDED_AVAILABILITY = YES_AGGRESSIVE;
				CLANG_WARN_UNREACHABLE_CODE = YES;
				CLANG_WARN__DUPLICATE_METHOD_MATCH = YES;
				COPY_PHASE_STRIP = NO;
				DEBUG_INFORMATION_FORMAT = dwarf;
				ENABLE_STRICT_OBJC_MSGSEND = YES;
				ENABLE_TESTABILITY = YES;
				GCC_C_LANGUAGE_STANDARD = gnu11;
				GCC_DYNAMIC_NO_PIC = NO;
				GCC_NO_COMMON_BLOCKS = YES;
				GCC_OPTIMIZATION_LEVEL = 0;
				GCC_PREPROCESSOR_DEFINITIONS = (
					"DEBUG=1",
					"$(inherited)",
				);
				GCC_WARN_64_TO_32_BIT_CONVERSION = YES;
				GCC_WARN_ABOUT_RETURN_TYPE = YES_ERROR;
				GCC_WARN_UNDECLARED_SELECTOR = YES;
				GCC_WARN_UNINITIALIZED_AUTOS = YES_AGGRESSIVE;
				GCC_WARN_UNUSED_FUNCTION = YES;
				GCC_WARN_UNUSED_VARIABLE = YES;
				IPHONEOS_DEPLOYMENT_TARGET = 13.0;
				MTL_ENABLE_DEBUG_INFO = INCLUDE_SOURCE;
				MTL_FAST_MATH = YES;
				ONLY_ACTIVE_ARCH = YES;
				PODS_BUILD_DIR = build;
				PODS_CONFIGURATION_BUILD_DIR = "build/Debug-iphoneos";
				PODS_PODFILE_DIR_PATH = .;
				PODS_ROOT = ./Pods;
				SDKROOT = iphoneos;
				SWIFT_ACTIVE_COMPILATION_CONDITIONS = DEBUG;
				SWIFT_OPTIMIZATION_LEVEL = "-Onone";
			};
			name = Debug;
		};
		773C5AD02353CE43004C4C11 /* Release */ = {
			isa = XCBuildConfiguration;
			buildSettings = {
				ALWAYS_SEARCH_USER_PATHS = NO;
				CLANG_ANALYZER_LOCALIZABILITY_NONLOCALIZED = YES;
				CLANG_ANALYZER_NONNULL = YES;
				CLANG_ANALYZER_NUMBER_OBJECT_CONVERSION = YES_AGGRESSIVE;
				CLANG_CXX_LANGUAGE_STANDARD = "gnu++14";
				CLANG_CXX_LIBRARY = "libc++";
				CLANG_ENABLE_MODULES = YES;
				CLANG_ENABLE_OBJC_ARC = YES;
				CLANG_ENABLE_OBJC_WEAK = YES;
				CLANG_WARN_BLOCK_CAPTURE_AUTORELEASING = YES;
				CLANG_WARN_BOOL_CONVERSION = YES;
				CLANG_WARN_COMMA = YES;
				CLANG_WARN_CONSTANT_CONVERSION = YES;
				CLANG_WARN_DEPRECATED_OBJC_IMPLEMENTATIONS = YES;
				CLANG_WARN_DIRECT_OBJC_ISA_USAGE = YES_ERROR;
				CLANG_WARN_DOCUMENTATION_COMMENTS = YES;
				CLANG_WARN_EMPTY_BODY = YES;
				CLANG_WARN_ENUM_CONVERSION = YES;
				CLANG_WARN_INFINITE_RECURSION = YES;
				CLANG_WARN_INT_CONVERSION = YES;
				CLANG_WARN_NON_LITERAL_NULL_CONVERSION = YES;
				CLANG_WARN_OBJC_IMPLICIT_RETAIN_SELF = YES;
				CLANG_WARN_OBJC_LITERAL_CONVERSION = YES;
				CLANG_WARN_OBJC_ROOT_CLASS = YES_ERROR;
				CLANG_WARN_RANGE_LOOP_ANALYSIS = YES;
				CLANG_WARN_STRICT_PROTOTYPES = YES;
				CLANG_WARN_SUSPICIOUS_MOVE = YES;
				CLANG_WARN_UNGUARDED_AVAILABILITY = YES_AGGRESSIVE;
				CLANG_WARN_UNREACHABLE_CODE = YES;
				CLANG_WARN__DUPLICATE_METHOD_MATCH = YES;
				COPY_PHASE_STRIP = NO;
				DEBUG_INFORMATION_FORMAT = "dwarf-with-dsym";
				ENABLE_NS_ASSERTIONS = NO;
				ENABLE_STRICT_OBJC_MSGSEND = YES;
				GCC_C_LANGUAGE_STANDARD = gnu11;
				GCC_NO_COMMON_BLOCKS = YES;
				GCC_WARN_64_TO_32_BIT_CONVERSION = YES;
				GCC_WARN_ABOUT_RETURN_TYPE = YES_ERROR;
				GCC_WARN_UNDECLARED_SELECTOR = YES;
				GCC_WARN_UNINITIALIZED_AUTOS = YES_AGGRESSIVE;
				GCC_WARN_UNUSED_FUNCTION = YES;
				GCC_WARN_UNUSED_VARIABLE = YES;
				IPHONEOS_DEPLOYMENT_TARGET = 13.0;
				MTL_ENABLE_DEBUG_INFO = NO;
				MTL_FAST_MATH = YES;
				PODS_BUILD_DIR = build;
				PODS_CONFIGURATION_BUILD_DIR = "build/Release-iphoneos";
				PODS_PODFILE_DIR_PATH = .;
				PODS_ROOT = ./Pods;
				SDKROOT = iphoneos;
				SWIFT_COMPILATION_MODE = wholemodule;
				SWIFT_OPTIMIZATION_LEVEL = "-O";
				VALIDATE_PRODUCT = YES;
			};
			name = Release;
		};
		773C5AD22353CE43004C4C11 /* Debug */ = {
			isa = XCBuildConfiguration;
			baseConfigurationReference = 35FF317BF95E6D8184D16D20 /* Pods-Set.debug.xcconfig */;
			buildSettings = {
				ASSETCATALOG_COMPILER_APPICON_NAME = AppIcon;
				CODE_SIGN_STYLE = Automatic;
				DEVELOPMENT_TEAM = HT6Z8ZD56T;
				INFOPLIST_FILE = Set/Info.plist;
				LD_RUNPATH_SEARCH_PATHS = (
					"$(inherited)",
					"@executable_path/Frameworks",
				);
				PRODUCT_BUNDLE_IDENTIFIER = solarmist.Set;
				PRODUCT_NAME = "$(TARGET_NAME)";
				SWIFT_VERSION = 5.0;
				TARGETED_DEVICE_FAMILY = "1,2";
			};
			name = Debug;
		};
		773C5AD32353CE43004C4C11 /* Release */ = {
			isa = XCBuildConfiguration;
			baseConfigurationReference = 035AC71A3210F07909CA6B64 /* Pods-Set.release.xcconfig */;
			buildSettings = {
				ASSETCATALOG_COMPILER_APPICON_NAME = AppIcon;
				CODE_SIGN_STYLE = Automatic;
				DEVELOPMENT_TEAM = HT6Z8ZD56T;
				INFOPLIST_FILE = Set/Info.plist;
				LD_RUNPATH_SEARCH_PATHS = (
					"$(inherited)",
					"@executable_path/Frameworks",
				);
				PRODUCT_BUNDLE_IDENTIFIER = solarmist.Set;
				PRODUCT_NAME = "$(TARGET_NAME)";
				SWIFT_VERSION = 5.0;
				TARGETED_DEVICE_FAMILY = "1,2";
			};
			name = Release;
		};
/* End XCBuildConfiguration section */

/* Begin XCConfigurationList section */
		773C5AB82353CE41004C4C11 /* Build configuration list for PBXProject "Set" */ = {
			isa = XCConfigurationList;
			buildConfigurations = (
				773C5ACF2353CE43004C4C11 /* Debug */,
				773C5AD02353CE43004C4C11 /* Release */,
			);
			defaultConfigurationIsVisible = 0;
			defaultConfigurationName = Release;
		};
		773C5AD12353CE43004C4C11 /* Build configuration list for PBXNativeTarget "Set" */ = {
			isa = XCConfigurationList;
			buildConfigurations = (
				773C5AD22353CE43004C4C11 /* Debug */,
				773C5AD32353CE43004C4C11 /* Release */,
			);
			defaultConfigurationIsVisible = 0;
			defaultConfigurationName = Release;
		};
/* End XCConfigurationList section */
	};
	rootObject = 773C5AB52353CE41004C4C11 /* Project object */;
}
